// !$*UTF8*$!
{
	archiveVersion = 1;
	classes = {
	};
	objectVersion = 46;
	objects = {

/* Begin PBXBuildFile section */
		A32C25511E46A5FF006AA256 /* AppDelegate.swift in Sources */ = {isa = PBXBuildFile; fileRef = A32C25501E46A5FF006AA256 /* AppDelegate.swift */; };
		A32C25531E46A5FF006AA256 /* ViewController.swift in Sources */ = {isa = PBXBuildFile; fileRef = A32C25521E46A5FF006AA256 /* ViewController.swift */; };
		A32C25561E46A5FF006AA256 /* Main.storyboard in Resources */ = {isa = PBXBuildFile; fileRef = A32C25541E46A5FF006AA256 /* Main.storyboard */; };
		A32C25581E46A5FF006AA256 /* Assets.xcassets in Resources */ = {isa = PBXBuildFile; fileRef = A32C25571E46A5FF006AA256 /* Assets.xcassets */; };
		A32C255B1E46A5FF006AA256 /* LaunchScreen.storyboard in Resources */ = {isa = PBXBuildFile; fileRef = A32C25591E46A5FF006AA256 /* LaunchScreen.storyboard */; };
		A32C25661E46A616006AA256 /* board.png in Resources */ = {isa = PBXBuildFile; fileRef = A32C25631E46A616006AA256 /* board.png */; };
		A32C25671E46A616006AA256 /* cross.png in Resources */ = {isa = PBXBuildFile; fileRef = A32C25641E46A616006AA256 /* cross.png */; };
		A32C25681E46A616006AA256 /* nought.png in Resources */ = {isa = PBXBuildFile; fileRef = A32C25651E46A616006AA256 /* nought.png */; };
/* End PBXBuildFile section */

/* Begin PBXFileReference section */
		A32C254D1E46A5FF006AA256 /* TicTacToe.app */ = {isa = PBXFileReference; explicitFileType = wrapper.application; includeInIndex = 0; path = TicTacToe.app; sourceTree = BUILT_PRODUCTS_DIR; };
		A32C25501E46A5FF006AA256 /* AppDelegate.swift */ = {isa = PBXFileReference; lastKnownFileType = sourcecode.swift; path = AppDelegate.swift; sourceTree = "<group>"; };
		A32C25521E46A5FF006AA256 /* ViewController.swift */ = {isa = PBXFileReference; lastKnownFileType = sourcecode.swift; path = ViewController.swift; sourceTree = "<group>"; };
		A32C25551E46A5FF006AA256 /* Base */ = {isa = PBXFileReference; lastKnownFileType = file.storyboard; name = Base; path = Base.lproj/Main.storyboard; sourceTree = "<group>"; };
		A32C25571E46A5FF006AA256 /* Assets.xcassets */ = {isa = PBXFileReference; lastKnownFileType = folder.assetcatalog; path = Assets.xcassets; sourceTree = "<group>"; };
		A32C255A1E46A5FF006AA256 /* Base */ = {isa = PBXFileReference; lastKnownFileType = file.storyboard; name = Base; path = Base.lproj/LaunchScreen.storyboard; sourceTree = "<group>"; };
		A32C255C1E46A5FF006AA256 /* Info.plist */ = {isa = PBXFileReference; lastKnownFileType = text.plist.xml; path = Info.plist; sourceTree = "<group>"; };
		A32C25631E46A616006AA256 /* board.png */ = {isa = PBXFileReference; lastKnownFileType = image.png; path = board.png; sourceTree = "<group>"; };
		A32C25641E46A616006AA256 /* cross.png */ = {isa = PBXFileReference; lastKnownFileType = image.png; path = cross.png; sourceTree = "<group>"; };
		A32C25651E46A616006AA256 /* nought.png */ = {isa = PBXFileReference; lastKnownFileType = image.png; path = nought.png; sourceTree = "<group>"; };
/* End PBXFileReference section */

/* Begin PBXFrameworksBuildPhase section */
		A32C254A1E46A5FF006AA256 /* Frameworks */ = {
			isa = PBXFrameworksBuildPhase;
			buildActionMask = 2147483647;
			files = (
			);
			runOnlyForDeploymentPostprocessing = 0;
		};
/* End PBXFrameworksBuildPhase section */

/* Begin PBXGroup section */
		A32C25441E46A5FF006AA256 = {
			isa = PBXGroup;
			children = (
				A32C254F1E46A5FF006AA256 /* TicTacToe */,
				A32C254E1E46A5FF006AA256 /* Products */,
			);
			sourceTree = "<group>";
		};
		A32C254E1E46A5FF006AA256 /* Products */ = {
			isa = PBXGroup;
			children = (
				A32C254D1E46A5FF006AA256 /* TicTacToe.app */,
			);
			name = Products;
			sourceTree = "<group>";
		};
		A32C254F1E46A5FF006AA256 /* TicTacToe */ = {
			isa = PBXGroup;
			children = (
				A32C25501E46A5FF006AA256 /* AppDelegate.swift */,
				A32C25521E46A5FF006AA256 /* ViewController.swift */,
				A32C25541E46A5FF006AA256 /* Main.storyboard */,
				A32C25571E46A5FF006AA256 /* Assets.xcassets */,
				A32C25591E46A5FF006AA256 /* LaunchScreen.storyboard */,
				A32C25621E46A616006AA256 /* tictactoeimages */,
				A32C255C1E46A5FF006AA256 /* Info.plist */,
			);
			path = TicTacToe;
			sourceTree = "<group>";
		};
		A32C25621E46A616006AA256 /* tictactoeimages */ = {
			isa = PBXGroup;
			children = (
				A32C25631E46A616006AA256 /* board.png */,
				A32C25641E46A616006AA256 /* cross.png */,
				A32C25651E46A616006AA256 /* nought.png */,
			);
			path = tictactoeimages;
			sourceTree = "<group>";
		};
/* End PBXGroup section */

/* Begin PBXNativeTarget section */
		A32C254C1E46A5FF006AA256 /* TicTacToe */ = {
			isa = PBXNativeTarget;
			buildConfigurationList = A32C255F1E46A5FF006AA256 /* Build configuration list for PBXNativeTarget "TicTacToe" */;
			buildPhases = (
				A32C25491E46A5FF006AA256 /* Sources */,
				A32C254A1E46A5FF006AA256 /* Frameworks */,
				A32C254B1E46A5FF006AA256 /* Resources */,
			);
			buildRules = (
			);
			dependencies = (
			);
			name = TicTacToe;
			productName = TicTacToe;
			productReference = A32C254D1E46A5FF006AA256 /* TicTacToe.app */;
			productType = "com.apple.product-type.application";
		};
/* End PBXNativeTarget section */

/* Begin PBXProject section */
		A32C25451E46A5FF006AA256 /* Project object */ = {
			isa = PBXProject;
			attributes = {
				LastSwiftUpdateCheck = 0820;
				LastUpgradeCheck = 0820;
				ORGANIZATIONNAME = Lil;
				TargetAttributes = {
					A32C254C1E46A5FF006AA256 = {
						CreatedOnToolsVersion = 8.2.1;
						ProvisioningStyle = Automatic;
					};
				};
			};
			buildConfigurationList = A32C25481E46A5FF006AA256 /* Build configuration list for PBXProject "TicTacToe" */;
			compatibilityVersion = "Xcode 3.2";
			developmentRegion = English;
			hasScannedForEncodings = 0;
			knownRegions = (
				en,
				Base,
			);
			mainGroup = A32C25441E46A5FF006AA256;
			productRefGroup = A32C254E1E46A5FF006AA256 /* Products */;
			projectDirPath = "";
			projectRoot = "";
			targets = (
				A32C254C1E46A5FF006AA256 /* TicTacToe */,
			);
		};
/* End PBXProject section */

/* Begin PBXResourcesBuildPhase section */
		A32C254B1E46A5FF006AA256 /* Resources */ = {
			isa = PBXResourcesBuildPhase;
			buildActionMask = 2147483647;
			files = (
				A32C25671E46A616006AA256 /* cross.png in Resources */,
				A32C25661E46A616006AA256 /* board.png in Resources */,
				A32C25681E46A616006AA256 /* nought.png in Resources */,
				A32C255B1E46A5FF006AA256 /* LaunchScreen.storyboard in Resources */,
				A32C25581E46A5FF006AA256 /* Assets.xcassets in Resources */,
				A32C25561E46A5FF006AA256 /* Main.storyboard in Resources */,
			);
			runOnlyForDeploymentPostprocessing = 0;
		};
/* End PBXResourcesBuildPhase section */

/* Begin PBXSourcesBuildPhase section */
		A32C25491E46A5FF006AA256 /* Sources */ = {
			isa = PBXSourcesBuildPhase;
			buildActionMask = 2147483647;
			files = (
				A32C25531E46A5FF006AA256 /* ViewController.swift in Sources */,
				A32C25511E46A5FF006AA256 /* AppDelegate.swift in Sources */,
			);
			runOnlyForDeploymentPostprocessing = 0;
		};
/* End PBXSourcesBuildPhase section */

/* Begin PBXVariantGroup section */
		A32C25541E46A5FF006AA256 /* Main.storyboard */ = {
			isa = PBXVariantGroup;
			children = (
				A32C25551E46A5FF006AA256 /* Base */,
			);
			name = Main.storyboard;
			sourceTree = "<group>";
		};
		A32C25591E46A5FF006AA256 /* LaunchScreen.storyboard */ = {
			isa = PBXVariantGroup;
			children = (
				A32C255A1E46A5FF006AA256 /* Base */,
			);
			name = LaunchScreen.storyboard;
			sourceTree = "<group>";
		};
/* End PBXVariantGroup section */

/* Begin XCBuildConfiguration section */
		A32C255D1E46A5FF006AA256 /* Debug */ = {
			isa = XCBuildConfiguration;
			buildSettings = {
				ALWAYS_SEARCH_USER_PATHS = NO;
				CLANG_ANALYZER_NONNULL = YES;
				CLANG_CXX_LANGUAGE_STANDARD = "gnu++0x";
				CLANG_CXX_LIBRARY = "libc++";
				CLANG_ENABLE_MODULES = YES;
				CLANG_ENABLE_OBJC_ARC = YES;
				CLANG_WARN_BOOL_CONVERSION = YES;
				CLANG_WARN_CONSTANT_CONVERSION = YES;
				CLANG_WARN_DIRECT_OBJC_ISA_USAGE = YES_ERROR;
				CLANG_WARN_DOCUMENTATION_COMMENTS = YES;
				CLANG_WARN_EMPTY_BODY = YES;
				CLANG_WARN_ENUM_CONVERSION = YES;
				CLANG_WARN_INFINITE_RECURSION = YES;
				CLANG_WARN_INT_CONVERSION = YES;
				CLANG_WARN_OBJC_ROOT_CLASS = YES_ERROR;
				CLANG_WARN_SUSPICIOUS_MOVE = YES;
				CLANG_WARN_UNREACHABLE_CODE = YES;
				CLANG_WARN__DUPLICATE_METHOD_MATCH = YES;
				"CODE_SIGN_IDENTITY[sdk=iphoneos*]" = "iPhone Developer";
				COPY_PHASE_STRIP = NO;
				DEBUG_INFORMATION_FORMAT = dwarf;
				ENABLE_STRICT_OBJC_MSGSEND = YES;
				ENABLE_TESTABILITY = YES;
				GCC_C_LANGUAGE_STANDARD = gnu99;
				GCC_DYNAMIC_NO_PIC = NO;
				GCC_NO_COMMON_BLOCKS = YES;
				GCC_OPTIMIZATION_LEVEL = 0;
				GCC_PREPROCESSOR_DEFINITIONS = (
					"DEBUG=1",
					"$(inherited)",
				);
				GCC_WARN_64_TO_32_BIT_CONVERSION = YES;
				GCC_WARN_ABOUT_RETURN_TYPE = YES_ERROR;
				GCC_WARN_UNDECLARED_SELECTOR = YES;
				GCC_WARN_UNINITIALIZED_AUTOS = YES_AGGRESSIVE;
				GCC_WARN_UNUSED_FUNCTION = YES;
				GCC_WARN_UNUSED_VARIABLE = YES;
				IPHONEOS_DEPLOYMENT_TARGET = 10.2;
				MTL_ENABLE_DEBUG_INFO = YES;
				ONLY_ACTIVE_ARCH = YES;
				SDKROOT = iphoneos;
				SWIFT_ACTIVE_COMPILATION_CONDITIONS = DEBUG;
				SWIFT_OPTIMIZATION_LEVEL = "-Onone";
			};
			name = Debug;
		};
		A32C255E1E46A5FF006AA256 /* Release */ = {
			isa = XCBuildConfiguration;
			buildSettings = {
				ALWAYS_SEARCH_USER_PATHS = NO;
				CLANG_ANALYZER_NONNULL = YES;
				CLANG_CXX_LANGUAGE_STANDARD = "gnu++0x";
				CLANG_CXX_LIBRARY = "libc++";
				CLANG_ENABLE_MODULES = YES;
				CLANG_ENABLE_OBJC_ARC = YES;
				CLANG_WARN_BOOL_CONVERSION = YES;
				CLANG_WARN_CONSTANT_CONVERSION = YES;
				CLANG_WARN_DIRECT_OBJC_ISA_USAGE = YES_ERROR;
				CLANG_WARN_DOCUMENTATION_COMMENTS = YES;
				CLANG_WARN_EMPTY_BODY = YES;
				CLANG_WARN_ENUM_CONVERSION = YES;
				CLANG_WARN_INFINITE_RECURSION = YES;
				CLANG_WARN_INT_CONVERSION = YES;
				CLANG_WARN_OBJC_ROOT_CLASS = YES_ERROR;
				CLANG_WARN_SUSPICIOUS_MOVE = YES;
				CLANG_WARN_UNREACHABLE_CODE = YES;
				CLANG_WARN__DUPLICATE_METHOD_MATCH = YES;
				"CODE_SIGN_IDENTITY[sdk=iphoneos*]" = "iPhone Developer";
				COPY_PHASE_STRIP = NO;
				DEBUG_INFORMATION_FORMAT = "dwarf-with-dsym";
				ENABLE_NS_ASSERTIONS = NO;
				ENABLE_STRICT_OBJC_MSGSEND = YES;
				GCC_C_LANGUAGE_STANDARD = gnu99;
				GCC_NO_COMMON_BLOCKS = YES;
				GCC_WARN_64_TO_32_BIT_CONVERSION = YES;
				GCC_WARN_ABOUT_RETURN_TYPE = YES_ERROR;
				GCC_WARN_UNDECLARED_SELECTOR = YES;
				GCC_WARN_UNINITIALIZED_AUTOS = YES_AGGRESSIVE;
				GCC_WARN_UNUSED_FUNCTION = YES;
				GCC_WARN_UNUSED_VARIABLE = YES;
				IPHONEOS_DEPLOYMENT_TARGET = 10.2;
				MTL_ENABLE_DEBUG_INFO = NO;
				SDKROOT = iphoneos;
				SWIFT_OPTIMIZATION_LEVEL = "-Owholemodule";
				VALIDATE_PRODUCT = YES;
			};
			name = Release;
		};
		A32C25601E46A5FF006AA256 /* Debug */ = {
			isa = XCBuildConfiguration;
			buildSettings = {
				ASSETCATALOG_COMPILER_APPICON_NAME = AppIcon;
				INFOPLIST_FILE = TicTacToe/Info.plist;
				LD_RUNPATH_SEARCH_PATHS = "$(inherited) @executable_path/Frameworks";
				PRODUCT_BUNDLE_IDENTIFIER = com.lil.TicTacToe;
				PRODUCT_NAME = "$(TARGET_NAME)";
				SWIFT_VERSION = 3.0;
			};
			name = Debug;
		};
		A32C25611E46A5FF006AA256 /* Release */ = {
			isa = XCBuildConfiguration;
			buildSettings = {
				ASSETCATALOG_COMPILER_APPICON_NAME = AppIcon;
				INFOPLIST_FILE = TicTacToe/Info.plist;
				LD_RUNPATH_SEARCH_PATHS = "$(inherited) @executable_path/Frameworks";
				PRODUCT_BUNDLE_IDENTIFIER = com.lil.TicTacToe;
				PRODUCT_NAME = "$(TARGET_NAME)";
				SWIFT_VERSION = 3.0;
			};
			name = Release;
		};
/* End XCBuildConfiguration section */

/* Begin XCConfigurationList section */
		A32C25481E46A5FF006AA256 /* Build configuration list for PBXProject "TicTacToe" */ = {
			isa = XCConfigurationList;
			buildConfigurations = (
				A32C255D1E46A5FF006AA256 /* Debug */,
				A32C255E1E46A5FF006AA256 /* Release */,
			);
			defaultConfigurationIsVisible = 0;
			defaultConfigurationName = Release;
		};
		A32C255F1E46A5FF006AA256 /* Build configuration list for PBXNativeTarget "TicTacToe" */ = {
			isa = XCConfigurationList;
			buildConfigurations = (
				A32C25601E46A5FF006AA256 /* Debug */,
				A32C25611E46A5FF006AA256 /* Release */,
			);
			defaultConfigurationIsVisible = 0;
		};
/* End XCConfigurationList section */
	};
	rootObject = A32C25451E46A5FF006AA256 /* Project object */;
}
